// !$*UTF8*$!
{
	archiveVersion = 1;
	classes = {
	};
	objectVersion = 46;
	objects = {

/* Begin PBXBuildFile section */
		2709C85D1E01CB1F00F21D60 /* MovieNightWatcher.swift in Sources */ = {isa = PBXBuildFile; fileRef = 2709C85C1E01CB1F00F21D60 /* MovieNightWatcher.swift */; };
		2709C85F1E01CEF900F21D60 /* WatcherViewModel.swift in Sources */ = {isa = PBXBuildFile; fileRef = 2709C85E1E01CEF900F21D60 /* WatcherViewModel.swift */; };
		2717F7561DFB237600FFEA5F /* AppDelegate.swift in Sources */ = {isa = PBXBuildFile; fileRef = 2717F7551DFB237600FFEA5F /* AppDelegate.swift */; };
		2717F7581DFB237600FFEA5F /* HomeViewController.swift in Sources */ = {isa = PBXBuildFile; fileRef = 2717F7571DFB237600FFEA5F /* HomeViewController.swift */; };
		2717F75D1DFB237600FFEA5F /* Assets.xcassets in Resources */ = {isa = PBXBuildFile; fileRef = 2717F75C1DFB237600FFEA5F /* Assets.xcassets */; };
		2717F7601DFB237600FFEA5F /* LaunchScreen.storyboard in Resources */ = {isa = PBXBuildFile; fileRef = 2717F75E1DFB237600FFEA5F /* LaunchScreen.storyboard */; };
		279F8DD71DFC2DE900436973 /* MovieNightPreference.swift in Sources */ = {isa = PBXBuildFile; fileRef = 279F8DD61DFC2DE900436973 /* MovieNightPreference.swift */; };
		27D6BB991DFE362B0060E98F /* TMDBClient.swift in Sources */ = {isa = PBXBuildFile; fileRef = 27D6BB981DFE362B0060E98F /* TMDBClient.swift */; };
		27D6BB9B1DFF1CE40060E98F /* Utitlites.swift in Sources */ = {isa = PBXBuildFile; fileRef = 27D6BB9A1DFF1CE40060E98F /* Utitlites.swift */; };
		2FDB5991AD474002E570CB96 /* Pods_MovieNight.framework in Frameworks */ = {isa = PBXBuildFile; fileRef = 63C67D8993F1C1F726DF5BD1 /* Pods_MovieNight.framework */; };
		44796BAF1E006DB80002CF6F /* SearchResultsTableViewModel.swift in Sources */ = {isa = PBXBuildFile; fileRef = 44796BAE1E006DB80002CF6F /* SearchResultsTableViewModel.swift */; };
		44B1EFE91E0020EE00B8485D /* TableViewCellModel.swift in Sources */ = {isa = PBXBuildFile; fileRef = 44B1EFE81E0020EE00B8485D /* TableViewCellModel.swift */; };
		44B1EFED1E002E1F00B8485D /* PeoplePickerController.swift in Sources */ = {isa = PBXBuildFile; fileRef = 44B1EFEC1E002E1F00B8485D /* PeoplePickerController.swift */; };
		44C57A4B1E01A9460023417D /* TMDBResponseEntity.swift in Sources */ = {isa = PBXBuildFile; fileRef = 44C57A4A1E01A9460023417D /* TMDBResponseEntity.swift */; };
		44E2E20D1E0582030072BB77 /* Main.storyboard in Resources */ = {isa = PBXBuildFile; fileRef = 44E2E20C1E0582030072BB77 /* Main.storyboard */; };
		44E2E20F1E05DF3E0072BB77 /* SwinjectStoryboard+Setup.swift in Sources */ = {isa = PBXBuildFile; fileRef = 44E2E20E1E05DF3E0072BB77 /* SwinjectStoryboard+Setup.swift */; };
		44E2E2111E06459E0072BB77 /* GenrePickerController.swift in Sources */ = {isa = PBXBuildFile; fileRef = 44E2E2101E06459E0072BB77 /* GenrePickerController.swift */; };
		44E2E2131E0645BF0072BB77 /* RatingPickerController.swift in Sources */ = {isa = PBXBuildFile; fileRef = 44E2E2121E0645BF0072BB77 /* RatingPickerController.swift */; };
		44E2E2151E06CBD10072BB77 /* TMDBEntity.swift in Sources */ = {isa = PBXBuildFile; fileRef = 44E2E2141E06CBD10072BB77 /* TMDBEntity.swift */; };
		44E2E21A1E0809E70072BB77 /* PreferenceCell.swift in Sources */ = {isa = PBXBuildFile; fileRef = 44E2E2181E0809E70072BB77 /* PreferenceCell.swift */; };
		44E2E21B1E0809E70072BB77 /* PreferenceCell.xib in Resources */ = {isa = PBXBuildFile; fileRef = 44E2E2191E0809E70072BB77 /* PreferenceCell.xib */; };
		44E2E21D1E08EB630072BB77 /* MoviePreferenceTabBarController.swift in Sources */ = {isa = PBXBuildFile; fileRef = 44E2E21C1E08EB630072BB77 /* MoviePreferenceTabBarController.swift */; };
/* End PBXBuildFile section */

/* Begin PBXFileReference section */
		1A26BE1B7AD4D04562017F53 /* Pods-MovieNight.release.xcconfig */ = {isa = PBXFileReference; includeInIndex = 1; lastKnownFileType = text.xcconfig; name = "Pods-MovieNight.release.xcconfig"; path = "Pods/Target Support Files/Pods-MovieNight/Pods-MovieNight.release.xcconfig"; sourceTree = "<group>"; };
		2709C85C1E01CB1F00F21D60 /* MovieNightWatcher.swift */ = {isa = PBXFileReference; fileEncoding = 4; lastKnownFileType = sourcecode.swift; path = MovieNightWatcher.swift; sourceTree = "<group>"; };
		2709C85E1E01CEF900F21D60 /* WatcherViewModel.swift */ = {isa = PBXFileReference; fileEncoding = 4; lastKnownFileType = sourcecode.swift; path = WatcherViewModel.swift; sourceTree = "<group>"; };
		2717F7521DFB237600FFEA5F /* MovieNight.app */ = {isa = PBXFileReference; explicitFileType = wrapper.application; includeInIndex = 0; path = MovieNight.app; sourceTree = BUILT_PRODUCTS_DIR; };
		2717F7551DFB237600FFEA5F /* AppDelegate.swift */ = {isa = PBXFileReference; lastKnownFileType = sourcecode.swift; path = AppDelegate.swift; sourceTree = "<group>"; };
		2717F7571DFB237600FFEA5F /* HomeViewController.swift */ = {isa = PBXFileReference; lastKnownFileType = sourcecode.swift; path = HomeViewController.swift; sourceTree = "<group>"; };
		2717F75C1DFB237600FFEA5F /* Assets.xcassets */ = {isa = PBXFileReference; lastKnownFileType = folder.assetcatalog; path = Assets.xcassets; sourceTree = "<group>"; };
		2717F75F1DFB237600FFEA5F /* Base */ = {isa = PBXFileReference; lastKnownFileType = file.storyboard; name = Base; path = Base.lproj/LaunchScreen.storyboard; sourceTree = "<group>"; };
		2717F7611DFB237600FFEA5F /* Info.plist */ = {isa = PBXFileReference; lastKnownFileType = text.plist.xml; path = Info.plist; sourceTree = "<group>"; };
		279F8DD61DFC2DE900436973 /* MovieNightPreference.swift */ = {isa = PBXFileReference; fileEncoding = 4; lastKnownFileType = sourcecode.swift; path = MovieNightPreference.swift; sourceTree = "<group>"; };
		27D6BB981DFE362B0060E98F /* TMDBClient.swift */ = {isa = PBXFileReference; fileEncoding = 4; lastKnownFileType = sourcecode.swift; path = TMDBClient.swift; sourceTree = "<group>"; };
		27D6BB9A1DFF1CE40060E98F /* Utitlites.swift */ = {isa = PBXFileReference; fileEncoding = 4; lastKnownFileType = sourcecode.swift; path = Utitlites.swift; sourceTree = "<group>"; };
		44796BAE1E006DB80002CF6F /* SearchResultsTableViewModel.swift */ = {isa = PBXFileReference; fileEncoding = 4; lastKnownFileType = sourcecode.swift; path = SearchResultsTableViewModel.swift; sourceTree = "<group>"; };
		44B1EFE81E0020EE00B8485D /* TableViewCellModel.swift */ = {isa = PBXFileReference; fileEncoding = 4; lastKnownFileType = sourcecode.swift; path = TableViewCellModel.swift; sourceTree = "<group>"; };
		44B1EFEC1E002E1F00B8485D /* PeoplePickerController.swift */ = {isa = PBXFileReference; fileEncoding = 4; lastKnownFileType = sourcecode.swift; path = PeoplePickerController.swift; sourceTree = "<group>"; };
		44C57A4A1E01A9460023417D /* TMDBResponseEntity.swift */ = {isa = PBXFileReference; fileEncoding = 4; lastKnownFileType = sourcecode.swift; path = TMDBResponseEntity.swift; sourceTree = "<group>"; };
		44E2E20C1E0582030072BB77 /* Main.storyboard */ = {isa = PBXFileReference; fileEncoding = 4; lastKnownFileType = file.storyboard; name = Main.storyboard; path = MovieNight/Main.storyboard; sourceTree = "<group>"; };
		44E2E20E1E05DF3E0072BB77 /* SwinjectStoryboard+Setup.swift */ = {isa = PBXFileReference; fileEncoding = 4; lastKnownFileType = sourcecode.swift; path = "SwinjectStoryboard+Setup.swift"; sourceTree = "<group>"; };
		44E2E2101E06459E0072BB77 /* GenrePickerController.swift */ = {isa = PBXFileReference; fileEncoding = 4; lastKnownFileType = sourcecode.swift; path = GenrePickerController.swift; sourceTree = "<group>"; };
		44E2E2121E0645BF0072BB77 /* RatingPickerController.swift */ = {isa = PBXFileReference; fileEncoding = 4; lastKnownFileType = sourcecode.swift; path = RatingPickerController.swift; sourceTree = "<group>"; };
		44E2E2141E06CBD10072BB77 /* TMDBEntity.swift */ = {isa = PBXFileReference; fileEncoding = 4; lastKnownFileType = sourcecode.swift; path = TMDBEntity.swift; sourceTree = "<group>"; };
		44E2E2181E0809E70072BB77 /* PreferenceCell.swift */ = {isa = PBXFileReference; fileEncoding = 4; lastKnownFileType = sourcecode.swift; name = PreferenceCell.swift; path = ../PreferenceCell.swift; sourceTree = "<group>"; };
		44E2E2191E0809E70072BB77 /* PreferenceCell.xib */ = {isa = PBXFileReference; fileEncoding = 4; lastKnownFileType = file.xib; path = PreferenceCell.xib; sourceTree = "<group>"; };
		44E2E21C1E08EB630072BB77 /* MoviePreferenceTabBarController.swift */ = {isa = PBXFileReference; fileEncoding = 4; lastKnownFileType = sourcecode.swift; path = MoviePreferenceTabBarController.swift; sourceTree = "<group>"; };
		63C67D8993F1C1F726DF5BD1 /* Pods_MovieNight.framework */ = {isa = PBXFileReference; explicitFileType = wrapper.framework; includeInIndex = 0; path = Pods_MovieNight.framework; sourceTree = BUILT_PRODUCTS_DIR; };
		BC4E9B5B10356CE3858E2F8F /* Pods-MovieNight.debug.xcconfig */ = {isa = PBXFileReference; includeInIndex = 1; lastKnownFileType = text.xcconfig; name = "Pods-MovieNight.debug.xcconfig"; path = "Pods/Target Support Files/Pods-MovieNight/Pods-MovieNight.debug.xcconfig"; sourceTree = "<group>"; };
/* End PBXFileReference section */

/* Begin PBXFrameworksBuildPhase section */
		2717F74F1DFB237600FFEA5F /* Frameworks */ = {
			isa = PBXFrameworksBuildPhase;
			buildActionMask = 2147483647;
			files = (
				2FDB5991AD474002E570CB96 /* Pods_MovieNight.framework in Frameworks */,
			);
			runOnlyForDeploymentPostprocessing = 0;
		};
/* End PBXFrameworksBuildPhase section */

/* Begin PBXGroup section */
		15FD7CED2B512851CDD0CC4D /* Frameworks */ = {
			isa = PBXGroup;
			children = (
				63C67D8993F1C1F726DF5BD1 /* Pods_MovieNight.framework */,
			);
			name = Frameworks;
			sourceTree = "<group>";
		};
		2717F7491DFB237600FFEA5F = {
			isa = PBXGroup;
			children = (
				44E2E20C1E0582030072BB77 /* Main.storyboard */,
				44E2E2191E0809E70072BB77 /* PreferenceCell.xib */,
				2717F7541DFB237600FFEA5F /* MovieNight */,
				2717F7531DFB237600FFEA5F /* Products */,
				8C4589B3B742DB44BA39E0B4 /* Pods */,
				15FD7CED2B512851CDD0CC4D /* Frameworks */,
			);
			sourceTree = "<group>";
		};
		2717F7531DFB237600FFEA5F /* Products */ = {
			isa = PBXGroup;
			children = (
				2717F7521DFB237600FFEA5F /* MovieNight.app */,
			);
			name = Products;
			sourceTree = "<group>";
		};
		2717F7541DFB237600FFEA5F /* MovieNight */ = {
			isa = PBXGroup;
			children = (
				2717F7551DFB237600FFEA5F /* AppDelegate.swift */,
				44E2E20E1E05DF3E0072BB77 /* SwinjectStoryboard+Setup.swift */,
				2717F75C1DFB237600FFEA5F /* Assets.xcassets */,
				2717F75E1DFB237600FFEA5F /* LaunchScreen.storyboard */,
				2717F7611DFB237600FFEA5F /* Info.plist */,
				44E2E2141E06CBD10072BB77 /* TMDBEntity.swift */,
				44C57A4A1E01A9460023417D /* TMDBResponseEntity.swift */,
				2709C85C1E01CB1F00F21D60 /* MovieNightWatcher.swift */,
				279F8DD61DFC2DE900436973 /* MovieNightPreference.swift */,
				27D6BB981DFE362B0060E98F /* TMDBClient.swift */,
				27D6BB9A1DFF1CE40060E98F /* Utitlites.swift */,
				44796BB01E00825E0002CF6F /* ViewModel */,
				44796BB11E00826A0002CF6F /* View */,
			);
			path = MovieNight;
			sourceTree = "<group>";
		};
		44796BB01E00825E0002CF6F /* ViewModel */ = {
			isa = PBXGroup;
			children = (
				44796BAE1E006DB80002CF6F /* SearchResultsTableViewModel.swift */,
				44B1EFE81E0020EE00B8485D /* TableViewCellModel.swift */,
				2709C85E1E01CEF900F21D60 /* WatcherViewModel.swift */,
			);
			name = ViewModel;
			sourceTree = "<group>";
		};
		44796BB11E00826A0002CF6F /* View */ = {
			isa = PBXGroup;
			children = (
				44E2E2181E0809E70072BB77 /* PreferenceCell.swift */,
				44E2E2091E04DD840072BB77 /* Controllers */,
			);
			name = View;
			sourceTree = "<group>";
		};
		44E2E2091E04DD840072BB77 /* Controllers */ = {
			isa = PBXGroup;
			children = (
				2717F7571DFB237600FFEA5F /* HomeViewController.swift */,
				44B1EFEC1E002E1F00B8485D /* PeoplePickerController.swift */,
				44E2E2101E06459E0072BB77 /* GenrePickerController.swift */,
				44E2E2121E0645BF0072BB77 /* RatingPickerController.swift */,
				44E2E21C1E08EB630072BB77 /* MoviePreferenceTabBarController.swift */,
			);
			name = Controllers;
			sourceTree = "<group>";
		};
		8C4589B3B742DB44BA39E0B4 /* Pods */ = {
			isa = PBXGroup;
			children = (
				BC4E9B5B10356CE3858E2F8F /* Pods-MovieNight.debug.xcconfig */,
				1A26BE1B7AD4D04562017F53 /* Pods-MovieNight.release.xcconfig */,
			);
			name = Pods;
			sourceTree = "<group>";
		};
/* End PBXGroup section */

/* Begin PBXNativeTarget section */
		2717F7511DFB237600FFEA5F /* MovieNight */ = {
			isa = PBXNativeTarget;
			buildConfigurationList = 2717F7641DFB237600FFEA5F /* Build configuration list for PBXNativeTarget "MovieNight" */;
			buildPhases = (
				C26BEE4393F54C5F7D286752 /* [CP] Check Pods Manifest.lock */,
				2717F74E1DFB237600FFEA5F /* Sources */,
				2717F74F1DFB237600FFEA5F /* Frameworks */,
				2717F7501DFB237600FFEA5F /* Resources */,
				8D96C7D0BFAD85BC06C04013 /* [CP] Embed Pods Frameworks */,
				F6F6ADABA277D70E80A290A0 /* [CP] Copy Pods Resources */,
			);
			buildRules = (
			);
			dependencies = (
			);
			name = MovieNight;
			productName = MovieNight;
			productReference = 2717F7521DFB237600FFEA5F /* MovieNight.app */;
			productType = "com.apple.product-type.application";
		};
/* End PBXNativeTarget section */

/* Begin PBXProject section */
		2717F74A1DFB237600FFEA5F /* Project object */ = {
			isa = PBXProject;
			attributes = {
				LastSwiftUpdateCheck = 0810;
				LastUpgradeCheck = 0810;
				ORGANIZATIONNAME = "Katherine Ebel";
				TargetAttributes = {
					2717F7511DFB237600FFEA5F = {
						CreatedOnToolsVersion = 8.1;
						DevelopmentTeam = 8FN9PNN474;
						ProvisioningStyle = Automatic;
					};
				};
			};
			buildConfigurationList = 2717F74D1DFB237600FFEA5F /* Build configuration list for PBXProject "MovieNight" */;
			compatibilityVersion = "Xcode 3.2";
			developmentRegion = English;
			hasScannedForEncodings = 0;
			knownRegions = (
				en,
				Base,
			);
			mainGroup = 2717F7491DFB237600FFEA5F;
			productRefGroup = 2717F7531DFB237600FFEA5F /* Products */;
			projectDirPath = "";
			projectRoot = "";
			targets = (
				2717F7511DFB237600FFEA5F /* MovieNight */,
			);
		};
/* End PBXProject section */

/* Begin PBXResourcesBuildPhase section */
		2717F7501DFB237600FFEA5F /* Resources */ = {
			isa = PBXResourcesBuildPhase;
			buildActionMask = 2147483647;
			files = (
				2717F7601DFB237600FFEA5F /* LaunchScreen.storyboard in Resources */,
				2717F75D1DFB237600FFEA5F /* Assets.xcassets in Resources */,
				44E2E21B1E0809E70072BB77 /* PreferenceCell.xib in Resources */,
				44E2E20D1E0582030072BB77 /* Main.storyboard in Resources */,
			);
			runOnlyForDeploymentPostprocessing = 0;
		};
/* End PBXResourcesBuildPhase section */

/* Begin PBXShellScriptBuildPhase section */
		8D96C7D0BFAD85BC06C04013 /* [CP] Embed Pods Frameworks */ = {
			isa = PBXShellScriptBuildPhase;
			buildActionMask = 2147483647;
			files = (
			);
			inputPaths = (
			);
			name = "[CP] Embed Pods Frameworks";
			outputPaths = (
			);
			runOnlyForDeploymentPostprocessing = 0;
			shellPath = /bin/sh;
			shellScript = "\"${SRCROOT}/Pods/Target Support Files/Pods-MovieNight/Pods-MovieNight-frameworks.sh\"\n";
			showEnvVarsInLog = 0;
		};
		C26BEE4393F54C5F7D286752 /* [CP] Check Pods Manifest.lock */ = {
			isa = PBXShellScriptBuildPhase;
			buildActionMask = 2147483647;
			files = (
			);
			inputPaths = (
			);
			name = "[CP] Check Pods Manifest.lock";
			outputPaths = (
			);
			runOnlyForDeploymentPostprocessing = 0;
			shellPath = /bin/sh;
			shellScript = "diff \"${PODS_ROOT}/../Podfile.lock\" \"${PODS_ROOT}/Manifest.lock\" > /dev/null\nif [ $? != 0 ] ; then\n    # print error to STDERR\n    echo \"error: The sandbox is not in sync with the Podfile.lock. Run 'pod install' or update your CocoaPods installation.\" >&2\n    exit 1\nfi\n";
			showEnvVarsInLog = 0;
		};
		F6F6ADABA277D70E80A290A0 /* [CP] Copy Pods Resources */ = {
			isa = PBXShellScriptBuildPhase;
			buildActionMask = 2147483647;
			files = (
			);
			inputPaths = (
			);
			name = "[CP] Copy Pods Resources";
			outputPaths = (
			);
			runOnlyForDeploymentPostprocessing = 0;
			shellPath = /bin/sh;
			shellScript = "\"${SRCROOT}/Pods/Target Support Files/Pods-MovieNight/Pods-MovieNight-resources.sh\"\n";
			showEnvVarsInLog = 0;
		};
/* End PBXShellScriptBuildPhase section */

/* Begin PBXSourcesBuildPhase section */
		2717F74E1DFB237600FFEA5F /* Sources */ = {
			isa = PBXSourcesBuildPhase;
			buildActionMask = 2147483647;
			files = (
				44E2E21A1E0809E70072BB77 /* PreferenceCell.swift in Sources */,
				2709C85D1E01CB1F00F21D60 /* MovieNightWatcher.swift in Sources */,
				27D6BB991DFE362B0060E98F /* TMDBClient.swift in Sources */,
				27D6BB9B1DFF1CE40060E98F /* Utitlites.swift in Sources */,
				2709C85F1E01CEF900F21D60 /* WatcherViewModel.swift in Sources */,
				44E2E21D1E08EB630072BB77 /* MoviePreferenceTabBarController.swift in Sources */,
				2717F7581DFB237600FFEA5F /* HomeViewController.swift in Sources */,
				44796BAF1E006DB80002CF6F /* SearchResultsTableViewModel.swift in Sources */,
				44E2E2151E06CBD10072BB77 /* TMDBEntity.swift in Sources */,
				2717F7561DFB237600FFEA5F /* AppDelegate.swift in Sources */,
				44C57A4B1E01A9460023417D /* TMDBResponseEntity.swift in Sources */,
				44E2E2111E06459E0072BB77 /* GenrePickerController.swift in Sources */,
				279F8DD71DFC2DE900436973 /* MovieNightPreference.swift in Sources */,
				44E2E20F1E05DF3E0072BB77 /* SwinjectStoryboard+Setup.swift in Sources */,
				44B1EFED1E002E1F00B8485D /* PeoplePickerController.swift in Sources */,
				44E2E2131E0645BF0072BB77 /* RatingPickerController.swift in Sources */,
				44B1EFE91E0020EE00B8485D /* TableViewCellModel.swift in Sources */,
			);
			runOnlyForDeploymentPostprocessing = 0;
		};
/* End PBXSourcesBuildPhase section */

/* Begin PBXVariantGroup section */
		2717F75E1DFB237600FFEA5F /* LaunchScreen.storyboard */ = {
			isa = PBXVariantGroup;
			children = (
				2717F75F1DFB237600FFEA5F /* Base */,
			);
			name = LaunchScreen.storyboard;
			sourceTree = "<group>";
		};
/* End PBXVariantGroup section */

/* Begin XCBuildConfiguration section */
		2717F7621DFB237600FFEA5F /* Debug */ = {
			isa = XCBuildConfiguration;
			buildSettings = {
				ALWAYS_SEARCH_USER_PATHS = NO;
				CLANG_ANALYZER_NONNULL = YES;
				CLANG_CXX_LANGUAGE_STANDARD = "gnu++0x";
				CLANG_CXX_LIBRARY = "libc++";
				CLANG_ENABLE_MODULES = YES;
				CLANG_ENABLE_OBJC_ARC = YES;
				CLANG_WARN_BOOL_CONVERSION = YES;
				CLANG_WARN_CONSTANT_CONVERSION = YES;
				CLANG_WARN_DIRECT_OBJC_ISA_USAGE = YES_ERROR;
				CLANG_WARN_DOCUMENTATION_COMMENTS = YES;
				CLANG_WARN_EMPTY_BODY = YES;
				CLANG_WARN_ENUM_CONVERSION = YES;
				CLANG_WARN_INFINITE_RECURSION = YES;
				CLANG_WARN_INT_CONVERSION = YES;
				CLANG_WARN_OBJC_ROOT_CLASS = YES_ERROR;
				CLANG_WARN_SUSPICIOUS_MOVE = YES;
				CLANG_WARN_SUSPICIOUS_MOVES = YES;
				CLANG_WARN_UNREACHABLE_CODE = YES;
				CLANG_WARN__DUPLICATE_METHOD_MATCH = YES;
				"CODE_SIGN_IDENTITY[sdk=iphoneos*]" = "iPhone Developer";
				COPY_PHASE_STRIP = NO;
				DEBUG_INFORMATION_FORMAT = dwarf;
				ENABLE_STRICT_OBJC_MSGSEND = YES;
				ENABLE_TESTABILITY = YES;
				GCC_C_LANGUAGE_STANDARD = gnu99;
				GCC_DYNAMIC_NO_PIC = NO;
				GCC_NO_COMMON_BLOCKS = YES;
				GCC_OPTIMIZATION_LEVEL = 0;
				GCC_PREPROCESSOR_DEFINITIONS = (
					"DEBUG=1",
					"$(inherited)",
				);
				GCC_WARN_64_TO_32_BIT_CONVERSION = YES;
				GCC_WARN_ABOUT_RETURN_TYPE = YES_ERROR;
				GCC_WARN_UNDECLARED_SELECTOR = YES;
				GCC_WARN_UNINITIALIZED_AUTOS = YES_AGGRESSIVE;
				GCC_WARN_UNUSED_FUNCTION = YES;
				GCC_WARN_UNUSED_VARIABLE = YES;
				IPHONEOS_DEPLOYMENT_TARGET = 10.1;
				MTL_ENABLE_DEBUG_INFO = YES;
				ONLY_ACTIVE_ARCH = YES;
				SDKROOT = iphoneos;
				SWIFT_ACTIVE_COMPILATION_CONDITIONS = DEBUG;
				SWIFT_OPTIMIZATION_LEVEL = "-Onone";
			};
			name = Debug;
		};
		2717F7631DFB237600FFEA5F /* Release */ = {
			isa = XCBuildConfiguration;
			buildSettings = {
				ALWAYS_SEARCH_USER_PATHS = NO;
				CLANG_ANALYZER_NONNULL = YES;
				CLANG_CXX_LANGUAGE_STANDARD = "gnu++0x";
				CLANG_CXX_LIBRARY = "libc++";
				CLANG_ENABLE_MODULES = YES;
				CLANG_ENABLE_OBJC_ARC = YES;
				CLANG_WARN_BOOL_CONVERSION = YES;
				CLANG_WARN_CONSTANT_CONVERSION = YES;
				CLANG_WARN_DIRECT_OBJC_ISA_USAGE = YES_ERROR;
				CLANG_WARN_DOCUMENTATION_COMMENTS = YES;
				CLANG_WARN_EMPTY_BODY = YES;
				CLANG_WARN_ENUM_CONVERSION = YES;
				CLANG_WARN_INFINITE_RECURSION = YES;
				CLANG_WARN_INT_CONVERSION = YES;
				CLANG_WARN_OBJC_ROOT_CLASS = YES_ERROR;
				CLANG_WARN_SUSPICIOUS_MOVE = YES;
				CLANG_WARN_SUSPICIOUS_MOVES = YES;
				CLANG_WARN_UNREACHABLE_CODE = YES;
				CLANG_WARN__DUPLICATE_METHOD_MATCH = YES;
				"CODE_SIGN_IDENTITY[sdk=iphoneos*]" = "iPhone Developer";
				COPY_PHASE_STRIP = NO;
				DEBUG_INFORMATION_FORMAT = "dwarf-with-dsym";
				ENABLE_NS_ASSERTIONS = NO;
				ENABLE_STRICT_OBJC_MSGSEND = YES;
				GCC_C_LANGUAGE_STANDARD = gnu99;
				GCC_NO_COMMON_BLOCKS = YES;
				GCC_WARN_64_TO_32_BIT_CONVERSION = YES;
				GCC_WARN_ABOUT_RETURN_TYPE = YES_ERROR;
				GCC_WARN_UNDECLARED_SELECTOR = YES;
				GCC_WARN_UNINITIALIZED_AUTOS = YES_AGGRESSIVE;
				GCC_WARN_UNUSED_FUNCTION = YES;
				GCC_WARN_UNUSED_VARIABLE = YES;
				IPHONEOS_DEPLOYMENT_TARGET = 10.1;
				MTL_ENABLE_DEBUG_INFO = NO;
				SDKROOT = iphoneos;
				SWIFT_OPTIMIZATION_LEVEL = "-Owholemodule";
				VALIDATE_PRODUCT = YES;
			};
			name = Release;
		};
		2717F7651DFB237600FFEA5F /* Debug */ = {
			isa = XCBuildConfiguration;
			baseConfigurationReference = BC4E9B5B10356CE3858E2F8F /* Pods-MovieNight.debug.xcconfig */;
			buildSettings = {
				ALWAYS_EMBED_SWIFT_STANDARD_LIBRARIES = YES;
				ASSETCATALOG_COMPILER_APPICON_NAME = AppIcon;
				DEVELOPMENT_TEAM = 8FN9PNN474;
				INFOPLIST_FILE = MovieNight/Info.plist;
				LD_RUNPATH_SEARCH_PATHS = "$(inherited) @executable_path/Frameworks";
				PRODUCT_BUNDLE_IDENTIFIER = com.katherineebel.MovieNight;
				PRODUCT_NAME = "$(TARGET_NAME)";
				SWIFT_VERSION = 3.0;
			};
			name = Debug;
		};
		2717F7661DFB237600FFEA5F /* Release */ = {
			isa = XCBuildConfiguration;
			baseConfigurationReference = 1A26BE1B7AD4D04562017F53 /* Pods-MovieNight.release.xcconfig */;
			buildSettings = {
				ALWAYS_EMBED_SWIFT_STANDARD_LIBRARIES = YES;
				ASSETCATALOG_COMPILER_APPICON_NAME = AppIcon;
				DEVELOPMENT_TEAM = 8FN9PNN474;
				INFOPLIST_FILE = MovieNight/Info.plist;
				LD_RUNPATH_SEARCH_PATHS = "$(inherited) @executable_path/Frameworks";
				PRODUCT_BUNDLE_IDENTIFIER = com.katherineebel.MovieNight;
				PRODUCT_NAME = "$(TARGET_NAME)";
				SWIFT_VERSION = 3.0;
			};
			name = Release;
		};
/* End XCBuildConfiguration section */

/* Begin XCConfigurationList section */
		2717F74D1DFB237600FFEA5F /* Build configuration list for PBXProject "MovieNight" */ = {
			isa = XCConfigurationList;
			buildConfigurations = (
				2717F7621DFB237600FFEA5F /* Debug */,
				2717F7631DFB237600FFEA5F /* Release */,
			);
			defaultConfigurationIsVisible = 0;
			defaultConfigurationName = Release;
		};
		2717F7641DFB237600FFEA5F /* Build configuration list for PBXNativeTarget "MovieNight" */ = {
			isa = XCConfigurationList;
			buildConfigurations = (
				2717F7651DFB237600FFEA5F /* Debug */,
				2717F7661DFB237600FFEA5F /* Release */,
			);
			defaultConfigurationIsVisible = 0;
			defaultConfigurationName = Release;
		};
/* End XCConfigurationList section */
	};
	rootObject = 2717F74A1DFB237600FFEA5F /* Project object */;
}
